
Microsoft Visual Studio Solution File, Format Version 12.00
# Visual Studio Version 16
VisualStudioVersion = 16.0.29806.167
MinimumVisualStudioVersion = 10.0.40219.1
Project("{FAE04EC0-301F-11D3-BF4B-00C04F79EFBC}") = "CRUD_Example", "CRUD_Example\CRUD_Example.csproj", "{3B16E7AF-0A38-44AC-B3C7-0906BE6BA6B5}"
EndProject
Global
	GlobalSection(SolutionConfigurationPlatforms) = preSolution
		Debug|Any CPU = Debug|Any CPU
		Release|Any CPU = Release|Any CPU
	EndGlobalSection
	GlobalSection(ProjectConfigurationPlatforms) = postSolution
		{3B16E7AF-0A38-44AC-B3C7-0906BE6BA6B5}.Debug|Any CPU.ActiveCfg = Debug|Any CPU
		{3B16E7AF-0A38-44AC-B3C7-0906BE6BA6B5}.Debug|Any CPU.Build.0 = Debug|Any CPU
		{3B16E7AF-0A38-44AC-B3C7-0906BE6BA6B5}.Release|Any CPU.ActiveCfg = Release|Any CPU
		{3B16E7AF-0A38-44AC-B3C7-0906BE6BA6B5}.Release|Any CPU.Build.0 = Release|Any CPU
	EndGlobalSection
	GlobalSection(SolutionProperties) = preSolution
		HideSolutionNode = FALSE
	EndGlobalSection
	GlobalSection(ExtensibilityGlobals) = postSolution
		SolutionGuid = {F7E0A704-CEC4-4E4E-9B31-071545902308}
	EndGlobalSection
EndGlobal
